{
    "_readme": [
        "This file locks the dependencies of your project to a known state",
        "Read more about it at https://getcomposer.org/doc/01-basic-usage.md#installing-dependencies",
        "This file is @generated automatically"
    ],
    "content-hash": "ed9ae3b10772dc26cca206838aefc9b6",
    "packages": [
        {
            "name": "brick/varexporter",
            "version": "0.6.0",
            "source": {
                "type": "git",
                "url": "https://github.com/brick/varexporter.git",
                "reference": "af98bfc2b702a312abbcaff37656dbe419cec5bc"
            },
            "dist": {
                "type": "zip",
                "url": "https://api.github.com/repos/brick/varexporter/zipball/af98bfc2b702a312abbcaff37656dbe419cec5bc",
                "reference": "af98bfc2b702a312abbcaff37656dbe419cec5bc",
                "shasum": ""
            },
            "require": {
                "nikic/php-parser": "^5.0",
                "php": "^8.1"
            },
            "require-dev": {
                "php-coveralls/php-coveralls": "^2.2",
                "phpunit/phpunit": "^10.5",
                "vimeo/psalm": "6.8.4"
            },
            "type": "library",
            "autoload": {
                "psr-4": {
                    "Brick\\VarExporter\\": "src/"
                }
            },
            "notification-url": "https://packagist.org/downloads/",
            "license": [
                "MIT"
            ],
            "description": "A powerful alternative to var_export(), which can export closures and objects without __set_state()",
            "keywords": [
                "var_export"
            ],
            "support": {
                "issues": "https://github.com/brick/varexporter/issues",
                "source": "https://github.com/brick/varexporter/tree/0.6.0"
            },
            "funding": [
                {
                    "url": "https://github.com/BenMorel",
                    "type": "github"
                }
            ],
            "time": "2025-02-20T17:42:39+00:00"
        },
        {
            "name": "laminas/laminas-config-aggregator",
            "version": "1.19.0",
            "source": {
                "type": "git",
                "url": "https://github.com/laminas/laminas-config-aggregator.git",
                "reference": "612343ce135c340fc667da3615e50d865a86b4d9"
            },
            "dist": {
                "type": "zip",
                "url": "https://api.github.com/repos/laminas/laminas-config-aggregator/zipball/612343ce135c340fc667da3615e50d865a86b4d9",
                "reference": "612343ce135c340fc667da3615e50d865a86b4d9",
                "shasum": ""
            },
            "require": {
                "brick/varexporter": "^0.5.0 || ^0.4.0 || ^0.6.0",
                "laminas/laminas-stdlib": "^3.18.0",
                "php": "~8.2.0 || ~8.3.0 || ~8.4.0 || ~8.5.0",
                "webimpress/safe-writer": "^2.2.0"
            },
            "conflict": {
                "nikic/php-parser": "<4.12",
                "zendframework/zend-config-aggregator": "*"
            },
            "require-dev": {
                "laminas/laminas-coding-standard": "~3.1.0",
                "laminas/laminas-config": "^3.10.1",
                "phpunit/phpunit": "^11.5.42",
                "psalm/plugin-phpunit": "^0.19.5",
                "vimeo/psalm": "^6.13.1"
            },
            "suggest": {
                "laminas/laminas-config": "Allows loading configuration from XML, INI, YAML, and JSON files",
                "laminas/laminas-config-aggregator-modulemanager": "Allows loading configuration from laminas-mvc Module classes",
                "laminas/laminas-config-aggregator-parameters": "Allows usage of templated parameters within your configuration"
            },
            "type": "library",
            "autoload": {
                "psr-4": {
                    "Laminas\\ConfigAggregator\\": "src/"
                }
            },
            "notification-url": "https://packagist.org/downloads/",
            "license": [
                "BSD-3-Clause"
            ],
            "description": "Lightweight library for collecting and merging configuration from different sources",
            "homepage": "https://laminas.dev",
            "keywords": [
                "config-aggregator",
                "laminas"
            ],
            "support": {
                "chat": "https://laminas.dev/chat",
                "docs": "https://docs.laminas.dev/laminas-config-aggregator/",
                "forum": "https://discourse.laminas.dev",
                "issues": "https://github.com/laminas/laminas-config-aggregator/issues",
                "rss": "https://github.com/laminas/laminas-config-aggregator/releases.atom",
                "source": "https://github.com/laminas/laminas-config-aggregator"
            },
            "funding": [
                {
                    "url": "https://funding.communitybridge.org/projects/laminas-project",
                    "type": "community_bridge"
                }
            ],
            "time": "2025-10-14T19:57:01+00:00"
        },
        {
            "name": "laminas/laminas-stdlib",
            "version": "3.21.0",
            "source": {
                "type": "git",
                "url": "https://github.com/laminas/laminas-stdlib.git",
                "reference": "b1c81514cfe158aadf724c42b34d3d0a8164c096"
            },
            "dist": {
                "type": "zip",
                "url": "https://api.github.com/repos/laminas/laminas-stdlib/zipball/b1c81514cfe158aadf724c42b34d3d0a8164c096",
                "reference": "b1c81514cfe158aadf724c42b34d3d0a8164c096",
                "shasum": ""
            },
            "require": {
                "php": "~8.2.0 || ~8.3.0 || ~8.4.0 || ~8.5.0"
            },
            "conflict": {
                "zendframework/zend-stdlib": "*"
            },
            "require-dev": {
                "laminas/laminas-coding-standard": "^3.1.0",
                "phpbench/phpbench": "^1.4.1",
                "phpunit/phpunit": "^11.5.42",
                "psalm/plugin-phpunit": "^0.19.5",
                "vimeo/psalm": "^6.13.1"
            },
            "type": "library",
            "autoload": {
                "psr-4": {
                    "Laminas\\Stdlib\\": "src/"
                }
            },
            "notification-url": "https://packagist.org/downloads/",
            "license": [
                "BSD-3-Clause"
            ],
            "description": "SPL extensions, array utilities, error handlers, and more",
            "homepage": "https://laminas.dev",
            "keywords": [
                "laminas",
                "stdlib"
            ],
            "support": {
                "chat": "https://laminas.dev/chat",
                "docs": "https://docs.laminas.dev/laminas-stdlib/",
                "forum": "https://discourse.laminas.dev",
                "issues": "https://github.com/laminas/laminas-stdlib/issues",
                "rss": "https://github.com/laminas/laminas-stdlib/releases.atom",
                "source": "https://github.com/laminas/laminas-stdlib"
            },
            "funding": [
                {
                    "url": "https://funding.communitybridge.org/projects/laminas-project",
                    "type": "community_bridge"
                }
            ],
            "time": "2025-10-11T18:13:12+00:00"
        },
        {
            "name": "nikic/php-parser",
            "version": "v5.7.0",
            "source": {
                "type": "git",
                "url": "https://github.com/nikic/PHP-Parser.git",
                "reference": "dca41cd15c2ac9d055ad70dbfd011130757d1f82"
            },
            "dist": {
                "type": "zip",
                "url": "https://api.github.com/repos/nikic/PHP-Parser/zipball/dca41cd15c2ac9d055ad70dbfd011130757d1f82",
                "reference": "dca41cd15c2ac9d055ad70dbfd011130757d1f82",
                "shasum": ""
            },
            "require": {
                "ext-ctype": "*",
                "ext-json": "*",
                "ext-tokenizer": "*",
                "php": ">=7.4"
            },
            "require-dev": {
                "ircmaxell/php-yacc": "^0.0.7",
                "phpunit/phpunit": "^9.0"
            },
            "bin": [
                "bin/php-parse"
            ],
            "type": "library",
            "extra": {
                "branch-alias": {
                    "dev-master": "5.x-dev"
                }
            },
            "autoload": {
                "psr-4": {
                    "PhpParser\\": "lib/PhpParser"
                }
            },
            "notification-url": "https://packagist.org/downloads/",
            "license": [
                "BSD-3-Clause"
            ],
            "authors": [
                {
                    "name": "Nikita Popov"
                }
            ],
            "description": "A PHP parser written in PHP",
            "keywords": [
                "parser",
                "php"
            ],
            "support": {
                "issues": "https://github.com/nikic/PHP-Parser/issues",
                "source": "https://github.com/nikic/PHP-Parser/tree/v5.7.0"
            },
            "time": "2025-12-06T11:56:16+00:00"
        },
        {
            "name": "webimpress/safe-writer",
            "version": "2.2.0",
            "source": {
                "type": "git",
                "url": "https://github.com/webimpress/safe-writer.git",
                "reference": "9d37cc8bee20f7cb2f58f6e23e05097eab5072e6"
            },
            "dist": {
                "type": "zip",
                "url": "https://api.github.com/repos/webimpress/safe-writer/zipball/9d37cc8bee20f7cb2f58f6e23e05097eab5072e6",
                "reference": "9d37cc8bee20f7cb2f58f6e23e05097eab5072e6",
                "shasum": ""
            },
            "require": {
                "php": "^7.3 || ^8.0"
            },
            "require-dev": {
                "phpunit/phpunit": "^9.5.4",
                "vimeo/psalm": "^4.7",
                "webimpress/coding-standard": "^1.2.2"
            },
            "type": "library",
            "extra": {
                "branch-alias": {
                    "dev-master": "2.2.x-dev",
                    "dev-develop": "2.3.x-dev",
                    "dev-release-1.0": "1.0.x-dev"
                }
            },
            "autoload": {
                "psr-4": {
                    "Webimpress\\SafeWriter\\": "src/"
                }
            },
            "notification-url": "https://packagist.org/downloads/",
            "license": [
                "BSD-2-Clause"
            ],
            "description": "Tool to write files safely, to avoid race conditions",
            "keywords": [
                "concurrent write",
                "file writer",
                "race condition",
                "safe writer",
                "webimpress"
            ],
            "support": {
                "issues": "https://github.com/webimpress/safe-writer/issues",
                "source": "https://github.com/webimpress/safe-writer/tree/2.2.0"
            },
            "funding": [
                {
                    "url": "https://github.com/michalbundyra",
                    "type": "github"
                }
            ],
            "time": "2021-04-19T16:34:45+00:00"
        }
    ],
    "packages-dev": [],
    "aliases": [],
    "minimum-stability": "stable",
    "stability-flags": {},
    "prefer-stable": false,
    "prefer-lowest": false,
    "platform": {
        "php": ">=8.5"
    },
    "platform-dev": {},
    "plugin-api-version": "2.9.0"
}
